// !$*UTF8*$!
{
	archiveVersion = 1;
	classes = {
	};
	objectVersion = 46;
	objects = {

/* Begin PBXBuildFile section */
		86A6130D1EB527FA003C0BB9 /* AppDelegate.swift in Sources */ = {isa = PBXBuildFile; fileRef = 86A6130C1EB527FA003C0BB9 /* AppDelegate.swift */; };
		86A6130F1EB527FA003C0BB9 /* ViewController.swift in Sources */ = {isa = PBXBuildFile; fileRef = 86A6130E1EB527FA003C0BB9 /* ViewController.swift */; };
		86A613121EB527FA003C0BB9 /* Main.storyboard in Resources */ = {isa = PBXBuildFile; fileRef = 86A613101EB527FA003C0BB9 /* Main.storyboard */; };
		86A613141EB527FA003C0BB9 /* Assets.xcassets in Resources */ = {isa = PBXBuildFile; fileRef = 86A613131EB527FA003C0BB9 /* Assets.xcassets */; };
		86A613221EB528AE003C0BB9 /* FeedEngine.swift in Sources */ = {isa = PBXBuildFile; fileRef = 86A6131B1EB528AE003C0BB9 /* FeedEngine.swift */; };
		86A613231EB528AE003C0BB9 /* FeedTableView.swift in Sources */ = {isa = PBXBuildFile; fileRef = 86A6131C1EB528AE003C0BB9 /* FeedTableView.swift */; };
		86A613241EB528AE003C0BB9 /* FeedViewController.swift in Sources */ = {isa = PBXBuildFile; fileRef = 86A6131D1EB528AE003C0BB9 /* FeedViewController.swift */; };
		86A613251EB528AE003C0BB9 /* ItemCell.swift in Sources */ = {isa = PBXBuildFile; fileRef = 86A6131E1EB528AE003C0BB9 /* ItemCell.swift */; };
		86A613261EB528AE003C0BB9 /* ItemView.xib in Resources */ = {isa = PBXBuildFile; fileRef = 86A6131F1EB528AE003C0BB9 /* ItemView.xib */; };
		86A613271EB528AE003C0BB9 /* MainViewController.swift in Sources */ = {isa = PBXBuildFile; fileRef = 86A613201EB528AE003C0BB9 /* MainViewController.swift */; };
		86A613281EB528AE003C0BB9 /* StoryView.xib in Resources */ = {isa = PBXBuildFile; fileRef = 86A613211EB528AE003C0BB9 /* StoryView.xib */; };
/* End PBXBuildFile section */

/* Begin PBXFileReference section */
		86A613091EB527FA003C0BB9 /* TV-RSS.app */ = {isa = PBXFileReference; explicitFileType = wrapper.application; includeInIndex = 0; path = "TV-RSS.app"; sourceTree = BUILT_PRODUCTS_DIR; };
		86A6130C1EB527FA003C0BB9 /* AppDelegate.swift */ = {isa = PBXFileReference; lastKnownFileType = sourcecode.swift; path = AppDelegate.swift; sourceTree = "<group>"; };
		86A6130E1EB527FA003C0BB9 /* ViewController.swift */ = {isa = PBXFileReference; lastKnownFileType = sourcecode.swift; path = ViewController.swift; sourceTree = "<group>"; };
		86A613111EB527FA003C0BB9 /* Base */ = {isa = PBXFileReference; lastKnownFileType = file.storyboard; name = Base; path = Base.lproj/Main.storyboard; sourceTree = "<group>"; };
		86A613131EB527FA003C0BB9 /* Assets.xcassets */ = {isa = PBXFileReference; lastKnownFileType = folder.assetcatalog; path = Assets.xcassets; sourceTree = "<group>"; };
		86A613151EB527FA003C0BB9 /* Info.plist */ = {isa = PBXFileReference; lastKnownFileType = text.plist.xml; path = Info.plist; sourceTree = "<group>"; };
		86A6131B1EB528AE003C0BB9 /* FeedEngine.swift */ = {isa = PBXFileReference; fileEncoding = 4; lastKnownFileType = sourcecode.swift; path = FeedEngine.swift; sourceTree = "<group>"; };
		86A6131C1EB528AE003C0BB9 /* FeedTableView.swift */ = {isa = PBXFileReference; fileEncoding = 4; lastKnownFileType = sourcecode.swift; path = FeedTableView.swift; sourceTree = "<group>"; };
		86A6131D1EB528AE003C0BB9 /* FeedViewController.swift */ = {isa = PBXFileReference; fileEncoding = 4; lastKnownFileType = sourcecode.swift; path = FeedViewController.swift; sourceTree = "<group>"; };
		86A6131E1EB528AE003C0BB9 /* ItemCell.swift */ = {isa = PBXFileReference; fileEncoding = 4; lastKnownFileType = sourcecode.swift; path = ItemCell.swift; sourceTree = "<group>"; };
		86A6131F1EB528AE003C0BB9 /* ItemView.xib */ = {isa = PBXFileReference; fileEncoding = 4; lastKnownFileType = file.xib; path = ItemView.xib; sourceTree = "<group>"; };
		86A613201EB528AE003C0BB9 /* MainViewController.swift */ = {isa = PBXFileReference; fileEncoding = 4; lastKnownFileType = sourcecode.swift; path = MainViewController.swift; sourceTree = "<group>"; };
		86A613211EB528AE003C0BB9 /* StoryView.xib */ = {isa = PBXFileReference; fileEncoding = 4; lastKnownFileType = file.xib; path = StoryView.xib; sourceTree = "<group>"; };
		86D8A50D1EB531DF006AFB63 /* README.md */ = {isa = PBXFileReference; fileEncoding = 4; lastKnownFileType = net.daringfireball.markdown; path = README.md; sourceTree = "<group>"; };
/* End PBXFileReference section */

/* Begin PBXFrameworksBuildPhase section */
		86A613061EB527FA003C0BB9 /* Frameworks */ = {
			isa = PBXFrameworksBuildPhase;
			buildActionMask = 2147483647;
			files = (
			);
			runOnlyForDeploymentPostprocessing = 0;
		};
/* End PBXFrameworksBuildPhase section */

/* Begin PBXGroup section */
		86A613001EB527FA003C0BB9 = {
			isa = PBXGroup;
			children = (
				86A6130B1EB527FA003C0BB9 /* TV-RSS */,
				86D8A50C1EB531C2006AFB63 /* Words */,
				86A6130A1EB527FA003C0BB9 /* Products */,
			);
			sourceTree = "<group>";
		};
		86A6130A1EB527FA003C0BB9 /* Products */ = {
			isa = PBXGroup;
			children = (
				86A613091EB527FA003C0BB9 /* TV-RSS.app */,
			);
			name = Products;
			sourceTree = "<group>";
		};
		86A6130B1EB527FA003C0BB9 /* TV-RSS */ = {
			isa = PBXGroup;
			children = (
				86A6130C1EB527FA003C0BB9 /* AppDelegate.swift */,
				86A6130E1EB527FA003C0BB9 /* ViewController.swift */,
				86A613201EB528AE003C0BB9 /* MainViewController.swift */,
				86A6131D1EB528AE003C0BB9 /* FeedViewController.swift */,
				86A6131B1EB528AE003C0BB9 /* FeedEngine.swift */,
				86A6131C1EB528AE003C0BB9 /* FeedTableView.swift */,
				86A6131E1EB528AE003C0BB9 /* ItemCell.swift */,
				86A613101EB527FA003C0BB9 /* Main.storyboard */,
				86A613211EB528AE003C0BB9 /* StoryView.xib */,
				86A6131F1EB528AE003C0BB9 /* ItemView.xib */,
				86A613131EB527FA003C0BB9 /* Assets.xcassets */,
				86A613151EB527FA003C0BB9 /* Info.plist */,
			);
			path = "TV-RSS";
			sourceTree = "<group>";
		};
		86D8A50C1EB531C2006AFB63 /* Words */ = {
			isa = PBXGroup;
			children = (
				86D8A50D1EB531DF006AFB63 /* README.md */,
			);
			name = Words;
			sourceTree = "<group>";
		};
/* End PBXGroup section */

/* Begin PBXNativeTarget section */
		86A613081EB527FA003C0BB9 /* TV-RSS */ = {
			isa = PBXNativeTarget;
			buildConfigurationList = 86A613181EB527FA003C0BB9 /* Build configuration list for PBXNativeTarget "TV-RSS" */;
			buildPhases = (
				86A613051EB527FA003C0BB9 /* Sources */,
				86A613061EB527FA003C0BB9 /* Frameworks */,
				86A613071EB527FA003C0BB9 /* Resources */,
			);
			buildRules = (
			);
			dependencies = (
			);
			name = "TV-RSS";
			productName = "TV-RSS";
			productReference = 86A613091EB527FA003C0BB9 /* TV-RSS.app */;
			productType = "com.apple.product-type.application";
		};
/* End PBXNativeTarget section */

/* Begin PBXProject section */
		86A613011EB527FA003C0BB9 /* Project object */ = {
			isa = PBXProject;
			attributes = {
				LastSwiftUpdateCheck = 0830;
				LastUpgradeCheck = 0830;
				ORGANIZATIONNAME = "Gavin Eadie";
				TargetAttributes = {
					86A613081EB527FA003C0BB9 = {
						CreatedOnToolsVersion = 8.3.2;
						DevelopmentTeam = CXE9ZR7J3U;
						LastSwiftMigration = 0830;
						ProvisioningStyle = Automatic;
					};
				};
			};
			buildConfigurationList = 86A613041EB527FA003C0BB9 /* Build configuration list for PBXProject "TV-RSS" */;
			compatibilityVersion = "Xcode 3.2";
			developmentRegion = English;
			hasScannedForEncodings = 0;
			knownRegions = (
				en,
				Base,
			);
			mainGroup = 86A613001EB527FA003C0BB9;
			productRefGroup = 86A6130A1EB527FA003C0BB9 /* Products */;
			projectDirPath = "";
			projectRoot = "";
			targets = (
				86A613081EB527FA003C0BB9 /* TV-RSS */,
			);
		};
/* End PBXProject section */

/* Begin PBXResourcesBuildPhase section */
		86A613071EB527FA003C0BB9 /* Resources */ = {
			isa = PBXResourcesBuildPhase;
			buildActionMask = 2147483647;
			files = (
				86A613261EB528AE003C0BB9 /* ItemView.xib in Resources */,
				86A613141EB527FA003C0BB9 /* Assets.xcassets in Resources */,
				86A613281EB528AE003C0BB9 /* StoryView.xib in Resources */,
				86A613121EB527FA003C0BB9 /* Main.storyboard in Resources */,
			);
			runOnlyForDeploymentPostprocessing = 0;
		};
/* End PBXResourcesBuildPhase section */

/* Begin PBXSourcesBuildPhase section */
		86A613051EB527FA003C0BB9 /* Sources */ = {
			isa = PBXSourcesBuildPhase;
			buildActionMask = 2147483647;
			files = (
				86A613271EB528AE003C0BB9 /* MainViewController.swift in Sources */,
				86A6130F1EB527FA003C0BB9 /* ViewController.swift in Sources */,
				86A613231EB528AE003C0BB9 /* FeedTableView.swift in Sources */,
				86A613251EB528AE003C0BB9 /* ItemCell.swift in Sources */,
				86A613241EB528AE003C0BB9 /* FeedViewController.swift in Sources */,
				86A613221EB528AE003C0BB9 /* FeedEngine.swift in Sources */,
				86A6130D1EB527FA003C0BB9 /* AppDelegate.swift in Sources */,
			);
			runOnlyForDeploymentPostprocessing = 0;
		};
/* End PBXSourcesBuildPhase section */

/* Begin PBXVariantGroup section */
		86A613101EB527FA003C0BB9 /* Main.storyboard */ = {
			isa = PBXVariantGroup;
			children = (
				86A613111EB527FA003C0BB9 /* Base */,
			);
			name = Main.storyboard;
			sourceTree = "<group>";
		};
/* End PBXVariantGroup section */

/* Begin XCBuildConfiguration section */
		86A613161EB527FA003C0BB9 /* Debug */ = {
			isa = XCBuildConfiguration;
			buildSettings = {
				ALWAYS_SEARCH_USER_PATHS = NO;
				CLANG_ANALYZER_NONNULL = YES;
				CLANG_ANALYZER_NUMBER_OBJECT_CONVERSION = YES_AGGRESSIVE;
				CLANG_CXX_LANGUAGE_STANDARD = "gnu++0x";
				CLANG_CXX_LIBRARY = "libc++";
				CLANG_ENABLE_MODULES = YES;
				CLANG_ENABLE_OBJC_ARC = YES;
				CLANG_WARN_BOOL_CONVERSION = YES;
				CLANG_WARN_CONSTANT_CONVERSION = YES;
				CLANG_WARN_DIRECT_OBJC_ISA_USAGE = YES_ERROR;
				CLANG_WARN_DOCUMENTATION_COMMENTS = YES;
				CLANG_WARN_EMPTY_BODY = YES;
				CLANG_WARN_ENUM_CONVERSION = YES;
				CLANG_WARN_INFINITE_RECURSION = YES;
				CLANG_WARN_INT_CONVERSION = YES;
				CLANG_WARN_OBJC_ROOT_CLASS = YES_ERROR;
				CLANG_WARN_SUSPICIOUS_MOVE = YES;
				CLANG_WARN_UNREACHABLE_CODE = YES;
				CLANG_WARN__DUPLICATE_METHOD_MATCH = YES;
				COPY_PHASE_STRIP = NO;
				DEBUG_INFORMATION_FORMAT = dwarf;
				ENABLE_STRICT_OBJC_MSGSEND = YES;
				ENABLE_TESTABILITY = YES;
				GCC_C_LANGUAGE_STANDARD = gnu99;
				GCC_DYNAMIC_NO_PIC = NO;
				GCC_NO_COMMON_BLOCKS = YES;
				GCC_OPTIMIZATION_LEVEL = 0;
				GCC_PREPROCESSOR_DEFINITIONS = (
					"DEBUG=1",
					"$(inherited)",
				);
				GCC_WARN_64_TO_32_BIT_CONVERSION = YES;
				GCC_WARN_ABOUT_RETURN_TYPE = YES_ERROR;
				GCC_WARN_UNDECLARED_SELECTOR = YES;
				GCC_WARN_UNINITIALIZED_AUTOS = YES_AGGRESSIVE;
				GCC_WARN_UNUSED_FUNCTION = YES;
				GCC_WARN_UNUSED_VARIABLE = YES;
				MTL_ENABLE_DEBUG_INFO = YES;
				ONLY_ACTIVE_ARCH = YES;
				SDKROOT = appletvos;
				SWIFT_ACTIVE_COMPILATION_CONDITIONS = DEBUG;
				SWIFT_OPTIMIZATION_LEVEL = "-Onone";
				TARGETED_DEVICE_FAMILY = 3;
				TVOS_DEPLOYMENT_TARGET = 10.2;
			};
			name = Debug;
		};
		86A613171EB527FA003C0BB9 /* Release */ = {
			isa = XCBuildConfiguration;
			buildSettings = {
				ALWAYS_SEARCH_USER_PATHS = NO;
				CLANG_ANALYZER_NONNULL = YES;
				CLANG_ANALYZER_NUMBER_OBJECT_CONVERSION = YES_AGGRESSIVE;
				CLANG_CXX_LANGUAGE_STANDARD = "gnu++0x";
				CLANG_CXX_LIBRARY = "libc++";
				CLANG_ENABLE_MODULES = YES;
				CLANG_ENABLE_OBJC_ARC = YES;
				CLANG_WARN_BOOL_CONVERSION = YES;
				CLANG_WARN_CONSTANT_CONVERSION = YES;
				CLANG_WARN_DIRECT_OBJC_ISA_USAGE = YES_ERROR;
				CLANG_WARN_DOCUMENTATION_COMMENTS = YES;
				CLANG_WARN_EMPTY_BODY = YES;
				CLANG_WARN_ENUM_CONVERSION = YES;
				CLANG_WARN_INFINITE_RECURSION = YES;
				CLANG_WARN_INT_CONVERSION = YES;
				CLANG_WARN_OBJC_ROOT_CLASS = YES_ERROR;
				CLANG_WARN_SUSPICIOUS_MOVE = YES;
				CLANG_WARN_UNREACHABLE_CODE = YES;
				CLANG_WARN__DUPLICATE_METHOD_MATCH = YES;
				COPY_PHASE_STRIP = NO;
				DEBUG_INFORMATION_FORMAT = "dwarf-with-dsym";
				ENABLE_NS_ASSERTIONS = NO;
				ENABLE_STRICT_OBJC_MSGSEND = YES;
				GCC_C_LANGUAGE_STANDARD = gnu99;
				GCC_NO_COMMON_BLOCKS = YES;
				GCC_WARN_64_TO_32_BIT_CONVERSION = YES;
				GCC_WARN_ABOUT_RETURN_TYPE = YES_ERROR;
				GCC_WARN_UNDECLARED_SELECTOR = YES;
				GCC_WARN_UNINITIALIZED_AUTOS = YES_AGGRESSIVE;
				GCC_WARN_UNUSED_FUNCTION = YES;
				GCC_WARN_UNUSED_VARIABLE = YES;
				MTL_ENABLE_DEBUG_INFO = NO;
				SDKROOT = appletvos;
				SWIFT_OPTIMIZATION_LEVEL = "-Owholemodule";
				TARGETED_DEVICE_FAMILY = 3;
				TVOS_DEPLOYMENT_TARGET = 10.2;
				VALIDATE_PRODUCT = YES;
			};
			name = Release;
		};
		86A613191EB527FA003C0BB9 /* Debug */ = {
			isa = XCBuildConfiguration;
			buildSettings = {
				ASSETCATALOG_COMPILER_APPICON_NAME = "App Icon & Top Shelf Image";
				ASSETCATALOG_COMPILER_LAUNCHIMAGE_NAME = LaunchImage;
				"CODE_SIGN_IDENTITY[sdk=appletvos*]" = "iPhone Developer";
				DEVELOPMENT_TEAM = CXE9ZR7J3U;
				INFOPLIST_FILE = "TV-RSS/Info.plist";
				LD_RUNPATH_SEARCH_PATHS = "$(inherited) @executable_path/Frameworks";
				PRODUCT_BUNDLE_IDENTIFIER = "com.ramsaycons.TV-RSS";
				PRODUCT_NAME = "$(TARGET_NAME)";
				PROVISIONING_PROFILE_SPECIFIER = "";
				SWIFT_VERSION = 3.0;
				TVOS_DEPLOYMENT_TARGET = 9.2;
			};
			name = Debug;
		};
		86A6131A1EB527FA003C0BB9 /* Release */ = {
			isa = XCBuildConfiguration;
			buildSettings = {
				ASSETCATALOG_COMPILER_APPICON_NAME = "App Icon & Top Shelf Image";
				ASSETCATALOG_COMPILER_LAUNCHIMAGE_NAME = LaunchImage;
				"CODE_SIGN_IDENTITY[sdk=appletvos*]" = "iPhone Developer";
				DEVELOPMENT_TEAM = CXE9ZR7J3U;
				INFOPLIST_FILE = "TV-RSS/Info.plist";
				LD_RUNPATH_SEARCH_PATHS = "$(inherited) @executable_path/Frameworks";
				PRODUCT_BUNDLE_IDENTIFIER = "com.ramsaycons.TV-RSS";
				PRODUCT_NAME = "$(TARGET_NAME)";
				PROVISIONING_PROFILE_SPECIFIER = "";
				SWIFT_VERSION = 3.0;
				TVOS_DEPLOYMENT_TARGET = 9.2;
			};
			name = Release;
		};
/* End XCBuildConfiguration section */

/* Begin XCConfigurationList section */
		86A613041EB527FA003C0BB9 /* Build configuration list for PBXProject "TV-RSS" */ = {
			isa = XCConfigurationList;
			buildConfigurations = (
				86A613161EB527FA003C0BB9 /* Debug */,
				86A613171EB527FA003C0BB9 /* Release */,
			);
			defaultConfigurationIsVisible = 0;
			defaultConfigurationName = Release;
		};
		86A613181EB527FA003C0BB9 /* Build configuration list for PBXNativeTarget "TV-RSS" */ = {
			isa = XCConfigurationList;
			buildConfigurations = (
				86A613191EB527FA003C0BB9 /* Debug */,
				86A6131A1EB527FA003C0BB9 /* Release */,
			);
			defaultConfigurationIsVisible = 0;
			defaultConfigurationName = Release;
		};
/* End XCConfigurationList section */
	};
	rootObject = 86A613011EB527FA003C0BB9 /* Project object */;
}
